// !$*UTF8*$!
{
	archiveVersion = 1;
	classes = {
	};
	objectVersion = 56;
	objects = {

/* Begin PBXBuildFile section */
		B14418402BEE4A050088B7FB /* BasicRequestApp.swift in Sources */ = {isa = PBXBuildFile; fileRef = B144183F2BEE4A050088B7FB /* BasicRequestApp.swift */; };
		B14418422BEE4A050088B7FB /* ContentView.swift in Sources */ = {isa = PBXBuildFile; fileRef = B14418412BEE4A050088B7FB /* ContentView.swift */; };
		B14418442BEE4A070088B7FB /* Assets.xcassets in Resources */ = {isa = PBXBuildFile; fileRef = B14418432BEE4A070088B7FB /* Assets.xcassets */; };
		B14418472BEE4A070088B7FB /* Preview Assets.xcassets in Resources */ = {isa = PBXBuildFile; fileRef = B14418462BEE4A070088B7FB /* Preview Assets.xcassets */; };
		B14418512BEE4A070088B7FB /* BasicRequestTests.swift in Sources */ = {isa = PBXBuildFile; fileRef = B14418502BEE4A070088B7FB /* BasicRequestTests.swift */; };
		B144185B2BEE4A070088B7FB /* BasicRequestUITests.swift in Sources */ = {isa = PBXBuildFile; fileRef = B144185A2BEE4A070088B7FB /* BasicRequestUITests.swift */; };
		B144185D2BEE4A070088B7FB /* BasicRequestUITestsLaunchTests.swift in Sources */ = {isa = PBXBuildFile; fileRef = B144185C2BEE4A070088B7FB /* BasicRequestUITestsLaunchTests.swift */; };
/* End PBXBuildFile section */

/* Begin PBXContainerItemProxy section */
		B144184D2BEE4A070088B7FB /* PBXContainerItemProxy */ = {
			isa = PBXContainerItemProxy;
			containerPortal = B14418342BEE4A050088B7FB /* Project object */;
			proxyType = 1;
			remoteGlobalIDString = B144183B2BEE4A050088B7FB;
			remoteInfo = BasicRequest;
		};
		B14418572BEE4A070088B7FB /* PBXContainerItemProxy */ = {
			isa = PBXContainerItemProxy;
			containerPortal = B14418342BEE4A050088B7FB /* Project object */;
			proxyType = 1;
			remoteGlobalIDString = B144183B2BEE4A050088B7FB;
			remoteInfo = BasicRequest;
		};
/* End PBXContainerItemProxy section */

/* Begin PBXFileReference section */
		B144183C2BEE4A050088B7FB /* BasicRequest.app */ = {isa = PBXFileReference; explicitFileType = wrapper.application; includeInIndex = 0; path = BasicRequest.app; sourceTree = BUILT_PRODUCTS_DIR; };
		B144183F2BEE4A050088B7FB /* BasicRequestApp.swift */ = {isa = PBXFileReference; lastKnownFileType = sourcecode.swift; path = BasicRequestApp.swift; sourceTree = "<group>"; };
		B14418412BEE4A050088B7FB /* ContentView.swift */ = {isa = PBXFileReference; lastKnownFileType = sourcecode.swift; path = ContentView.swift; sourceTree = "<group>"; };
		B14418432BEE4A070088B7FB /* Assets.xcassets */ = {isa = PBXFileReference; lastKnownFileType = folder.assetcatalog; path = Assets.xcassets; sourceTree = "<group>"; };
		B14418462BEE4A070088B7FB /* Preview Assets.xcassets */ = {isa = PBXFileReference; lastKnownFileType = folder.assetcatalog; path = "Preview Assets.xcassets"; sourceTree = "<group>"; };
		B144184C2BEE4A070088B7FB /* BasicRequestTests.xctest */ = {isa = PBXFileReference; explicitFileType = wrapper.cfbundle; includeInIndex = 0; path = BasicRequestTests.xctest; sourceTree = BUILT_PRODUCTS_DIR; };
		B14418502BEE4A070088B7FB /* BasicRequestTests.swift */ = {isa = PBXFileReference; lastKnownFileType = sourcecode.swift; path = BasicRequestTests.swift; sourceTree = "<group>"; };
		B14418562BEE4A070088B7FB /* BasicRequestUITests.xctest */ = {isa = PBXFileReference; explicitFileType = wrapper.cfbundle; includeInIndex = 0; path = BasicRequestUITests.xctest; sourceTree = BUILT_PRODUCTS_DIR; };
		B144185A2BEE4A070088B7FB /* BasicRequestUITests.swift */ = {isa = PBXFileReference; lastKnownFileType = sourcecode.swift; path = BasicRequestUITests.swift; sourceTree = "<group>"; };
		B144185C2BEE4A070088B7FB /* BasicRequestUITestsLaunchTests.swift */ = {isa = PBXFileReference; lastKnownFileType = sourcecode.swift; path = BasicRequestUITestsLaunchTests.swift; sourceTree = "<group>"; };
/* End PBXFileReference section */

/* Begin PBXFrameworksBuildPhase section */
		B14418392BEE4A050088B7FB /* Frameworks */ = {
			isa = PBXFrameworksBuildPhase;
			buildActionMask = 2147483647;
			files = (
			);
			runOnlyForDeploymentPostprocessing = 0;
		};
		B14418492BEE4A070088B7FB /* Frameworks */ = {
			isa = PBXFrameworksBuildPhase;
			buildActionMask = 2147483647;
			files = (
			);
			runOnlyForDeploymentPostprocessing = 0;
		};
		B14418532BEE4A070088B7FB /* Frameworks */ = {
			isa = PBXFrameworksBuildPhase;
			buildActionMask = 2147483647;
			files = (
			);
			runOnlyForDeploymentPostprocessing = 0;
		};
/* End PBXFrameworksBuildPhase section */

/* Begin PBXGroup section */
		B14418332BEE4A050088B7FB = {
			isa = PBXGroup;
			children = (
				B144183E2BEE4A050088B7FB /* BasicRequest */,
				B144184F2BEE4A070088B7FB /* BasicRequestTests */,
				B14418592BEE4A070088B7FB /* BasicRequestUITests */,
				B144183D2BEE4A050088B7FB /* Products */,
			);
			sourceTree = "<group>";
		};
		B144183D2BEE4A050088B7FB /* Products */ = {
			isa = PBXGroup;
			children = (
				B144183C2BEE4A050088B7FB /* BasicRequest.app */,
				B144184C2BEE4A070088B7FB /* BasicRequestTests.xctest */,
				B14418562BEE4A070088B7FB /* BasicRequestUITests.xctest */,
			);
			name = Products;
			sourceTree = "<group>";
		};
		B144183E2BEE4A050088B7FB /* BasicRequest */ = {
			isa = PBXGroup;
			children = (
				B144183F2BEE4A050088B7FB /* BasicRequestApp.swift */,
				B14418412BEE4A050088B7FB /* ContentView.swift */,
				B14418432BEE4A070088B7FB /* Assets.xcassets */,
				B14418452BEE4A070088B7FB /* Preview Content */,
			);
			path = BasicRequest;
			sourceTree = "<group>";
		};
		B14418452BEE4A070088B7FB /* Preview Content */ = {
			isa = PBXGroup;
			children = (
				B14418462BEE4A070088B7FB /* Preview Assets.xcassets */,
			);
			path = "Preview Content";
			sourceTree = "<group>";
		};
		B144184F2BEE4A070088B7FB /* BasicRequestTests */ = {
			isa = PBXGroup;
			children = (
				B14418502BEE4A070088B7FB /* BasicRequestTests.swift */,
			);
			path = BasicRequestTests;
			sourceTree = "<group>";
		};
		B14418592BEE4A070088B7FB /* BasicRequestUITests */ = {
			isa = PBXGroup;
			children = (
				B144185A2BEE4A070088B7FB /* BasicRequestUITests.swift */,
				B144185C2BEE4A070088B7FB /* BasicRequestUITestsLaunchTests.swift */,
			);
			path = BasicRequestUITests;
			sourceTree = "<group>";
		};
/* End PBXGroup section */

/* Begin PBXNativeTarget section */
		B144183B2BEE4A050088B7FB /* BasicRequest */ = {
			isa = PBXNativeTarget;
			buildConfigurationList = B14418602BEE4A070088B7FB /* Build configuration list for PBXNativeTarget "BasicRequest" */;
			buildPhases = (
				B14418382BEE4A050088B7FB /* Sources */,
				B14418392BEE4A050088B7FB /* Frameworks */,
				B144183A2BEE4A050088B7FB /* Resources */,
			);
			buildRules = (
			);
			dependencies = (
			);
			name = BasicRequest;
			productName = BasicRequest;
			productReference = B144183C2BEE4A050088B7FB /* BasicRequest.app */;
			productType = "com.apple.product-type.application";
		};
		B144184B2BEE4A070088B7FB /* BasicRequestTests */ = {
			isa = PBXNativeTarget;
			buildConfigurationList = B14418632BEE4A070088B7FB /* Build configuration list for PBXNativeTarget "BasicRequestTests" */;
			buildPhases = (
				B14418482BEE4A070088B7FB /* Sources */,
				B14418492BEE4A070088B7FB /* Frameworks */,
				B144184A2BEE4A070088B7FB /* Resources */,
			);
			buildRules = (
			);
			dependencies = (
				B144184E2BEE4A070088B7FB /* PBXTargetDependency */,
			);
			name = BasicRequestTests;
			productName = BasicRequestTests;
			productReference = B144184C2BEE4A070088B7FB /* BasicRequestTests.xctest */;
			productType = "com.apple.product-type.bundle.unit-test";
		};
		B14418552BEE4A070088B7FB /* BasicRequestUITests */ = {
			isa = PBXNativeTarget;
			buildConfigurationList = B14418662BEE4A070088B7FB /* Build configuration list for PBXNativeTarget "BasicRequestUITests" */;
			buildPhases = (
				B14418522BEE4A070088B7FB /* Sources */,
				B14418532BEE4A070088B7FB /* Frameworks */,
				B14418542BEE4A070088B7FB /* Resources */,
			);
			buildRules = (
			);
			dependencies = (
				B14418582BEE4A070088B7FB /* PBXTargetDependency */,
			);
			name = BasicRequestUITests;
			productName = BasicRequestUITests;
			productReference = B14418562BEE4A070088B7FB /* BasicRequestUITests.xctest */;
			productType = "com.apple.product-type.bundle.ui-testing";
		};
/* End PBXNativeTarget section */

/* Begin PBXProject section */
		B14418342BEE4A050088B7FB /* Project object */ = {
			isa = PBXProject;
			attributes = {
				BuildIndependentTargetsInParallel = 1;
				LastSwiftUpdateCheck = 1530;
				LastUpgradeCheck = 1530;
				TargetAttributes = {
					B144183B2BEE4A050088B7FB = {
						CreatedOnToolsVersion = 15.3;
					};
					B144184B2BEE4A070088B7FB = {
						CreatedOnToolsVersion = 15.3;
						TestTargetID = B144183B2BEE4A050088B7FB;
					};
					B14418552BEE4A070088B7FB = {
						CreatedOnToolsVersion = 15.3;
						TestTargetID = B144183B2BEE4A050088B7FB;
					};
				};
			};
			buildConfigurationList = B14418372BEE4A050088B7FB /* Build configuration list for PBXProject "BasicRequest" */;
			compatibilityVersion = "Xcode 14.0";
			developmentRegion = en;
			hasScannedForEncodings = 0;
			knownRegions = (
				en,
				Base,
			);
			mainGroup = B14418332BEE4A050088B7FB;
			productRefGroup = B144183D2BEE4A050088B7FB /* Products */;
			projectDirPath = "";
			projectRoot = "";
			targets = (
				B144183B2BEE4A050088B7FB /* BasicRequest */,
				B144184B2BEE4A070088B7FB /* BasicRequestTests */,
				B14418552BEE4A070088B7FB /* BasicRequestUITests */,
			);
		};
/* End PBXProject section */

/* Begin PBXResourcesBuildPhase section */
		B144183A2BEE4A050088B7FB /* Resources */ = {
			isa = PBXResourcesBuildPhase;
			buildActionMask = 2147483647;
			files = (
				B14418472BEE4A070088B7FB /* Preview Assets.xcassets in Resources */,
				B14418442BEE4A070088B7FB /* Assets.xcassets in Resources */,
			);
			runOnlyForDeploymentPostprocessing = 0;
		};
		B144184A2BEE4A070088B7FB /* Resources */ = {
			isa = PBXResourcesBuildPhase;
			buildActionMask = 2147483647;
			files = (
			);
			runOnlyForDeploymentPostprocessing = 0;
		};
		B14418542BEE4A070088B7FB /* Resources */ = {
			isa = PBXResourcesBuildPhase;
			buildActionMask = 2147483647;
			files = (
			);
			runOnlyForDeploymentPostprocessing = 0;
		};
/* End PBXResourcesBuildPhase section */

/* Begin PBXSourcesBuildPhase section */
		B14418382BEE4A050088B7FB /* Sources */ = {
			isa = PBXSourcesBuildPhase;
			buildActionMask = 2147483647;
			files = (
				B14418422BEE4A050088B7FB /* ContentView.swift in Sources */,
				B14418402BEE4A050088B7FB /* BasicRequestApp.swift in Sources */,
			);
			runOnlyForDeploymentPostprocessing = 0;
		};
		B14418482BEE4A070088B7FB /* Sources */ = {
			isa = PBXSourcesBuildPhase;
			buildActionMask = 2147483647;
			files = (
				B14418512BEE4A070088B7FB /* BasicRequestTests.swift in Sources */,
			);
			runOnlyForDeploymentPostprocessing = 0;
		};
		B14418522BEE4A070088B7FB /* Sources */ = {
			isa = PBXSourcesBuildPhase;
			buildActionMask = 2147483647;
			files = (
				B144185B2BEE4A070088B7FB /* BasicRequestUITests.swift in Sources */,
				B144185D2BEE4A070088B7FB /* BasicRequestUITestsLaunchTests.swift in Sources */,
			);
			runOnlyForDeploymentPostprocessing = 0;
		};
/* End PBXSourcesBuildPhase section */

/* Begin PBXTargetDependency section */
		B144184E2BEE4A070088B7FB /* PBXTargetDependency */ = {
			isa = PBXTargetDependency;
			target = B144183B2BEE4A050088B7FB /* BasicRequest */;
			targetProxy = B144184D2BEE4A070088B7FB /* PBXContainerItemProxy */;
		};
		B14418582BEE4A070088B7FB /* PBXTargetDependency */ = {
			isa = PBXTargetDependency;
			target = B144183B2BEE4A050088B7FB /* BasicRequest */;
			targetProxy = B14418572BEE4A070088B7FB /* PBXContainerItemProxy */;
		};
/* End PBXTargetDependency section */

/* Begin XCBuildConfiguration section */
		B144185E2BEE4A070088B7FB /* Debug */ = {
			isa = XCBuildConfiguration;
			buildSettings = {
				ALWAYS_SEARCH_USER_PATHS = NO;
				ASSETCATALOG_COMPILER_GENERATE_SWIFT_ASSET_SYMBOL_EXTENSIONS = YES;
				CLANG_ANALYZER_NONNULL = YES;
				CLANG_ANALYZER_NUMBER_OBJECT_CONVERSION = YES_AGGRESSIVE;
				CLANG_CXX_LANGUAGE_STANDARD = "gnu++20";
				CLANG_ENABLE_MODULES = YES;
				CLANG_ENABLE_OBJC_ARC = YES;
				CLANG_ENABLE_OBJC_WEAK = YES;
				CLANG_WARN_BLOCK_CAPTURE_AUTORELEASING = YES;
				CLANG_WARN_BOOL_CONVERSION = YES;
				CLANG_WARN_COMMA = YES;
				CLANG_WARN_CONSTANT_CONVERSION = YES;
				CLANG_WARN_DEPRECATED_OBJC_IMPLEMENTATIONS = YES;
				CLANG_WARN_DIRECT_OBJC_ISA_USAGE = YES_ERROR;
				CLANG_WARN_DOCUMENTATION_COMMENTS = YES;
				CLANG_WARN_EMPTY_BODY = YES;
				CLANG_WARN_ENUM_CONVERSION = YES;
				CLANG_WARN_INFINITE_RECURSION = YES;
				CLANG_WARN_INT_CONVERSION = YES;
				CLANG_WARN_NON_LITERAL_NULL_CONVERSION = YES;
				CLANG_WARN_OBJC_IMPLICIT_RETAIN_SELF = YES;
				CLANG_WARN_OBJC_LITERAL_CONVERSION = YES;
				CLANG_WARN_OBJC_ROOT_CLASS = YES_ERROR;
				CLANG_WARN_QUOTED_INCLUDE_IN_FRAMEWORK_HEADER = YES;
				CLANG_WARN_RANGE_LOOP_ANALYSIS = YES;
				CLANG_WARN_STRICT_PROTOTYPES = YES;
				CLANG_WARN_SUSPICIOUS_MOVE = YES;
				CLANG_WARN_UNGUARDED_AVAILABILITY = YES_AGGRESSIVE;
				CLANG_WARN_UNREACHABLE_CODE = YES;
				CLANG_WARN__DUPLICATE_METHOD_MATCH = YES;
				COPY_PHASE_STRIP = NO;
				DEBUG_INFORMATION_FORMAT = dwarf;
				ENABLE_STRICT_OBJC_MSGSEND = YES;
				ENABLE_TESTABILITY = YES;
				ENABLE_USER_SCRIPT_SANDBOXING = YES;
				GCC_C_LANGUAGE_STANDARD = gnu17;
				GCC_DYNAMIC_NO_PIC = NO;
				GCC_NO_COMMON_BLOCKS = YES;
				GCC_OPTIMIZATION_LEVEL = 0;
				GCC_PREPROCESSOR_DEFINITIONS = (
					"DEBUG=1",
					"$(inherited)",
				);
				GCC_WARN_64_TO_32_BIT_CONVERSION = YES;
				GCC_WARN_ABOUT_RETURN_TYPE = YES_ERROR;
				GCC_WARN_UNDECLARED_SELECTOR = YES;
				GCC_WARN_UNINITIALIZED_AUTOS = YES_AGGRESSIVE;
				GCC_WARN_UNUSED_FUNCTION = YES;
				GCC_WARN_UNUSED_VARIABLE = YES;
				IPHONEOS_DEPLOYMENT_TARGET = 17.4;
				LOCALIZATION_PREFERS_STRING_CATALOGS = YES;
				MTL_ENABLE_DEBUG_INFO = INCLUDE_SOURCE;
				MTL_FAST_MATH = YES;
				ONLY_ACTIVE_ARCH = YES;
				SDKROOT = iphoneos;
				SWIFT_ACTIVE_COMPILATION_CONDITIONS = "DEBUG $(inherited)";
				SWIFT_OPTIMIZATION_LEVEL = "-Onone";
			};
			name = Debug;
		};
		B144185F2BEE4A070088B7FB /* Release */ = {
			isa = XCBuildConfiguration;
			buildSettings = {
				ALWAYS_SEARCH_USER_PATHS = NO;
				ASSETCATALOG_COMPILER_GENERATE_SWIFT_ASSET_SYMBOL_EXTENSIONS = YES;
				CLANG_ANALYZER_NONNULL = YES;
				CLANG_ANALYZER_NUMBER_OBJECT_CONVERSION = YES_AGGRESSIVE;
				CLANG_CXX_LANGUAGE_STANDARD = "gnu++20";
				CLANG_ENABLE_MODULES = YES;
				CLANG_ENABLE_OBJC_ARC = YES;
				CLANG_ENABLE_OBJC_WEAK = YES;
				CLANG_WARN_BLOCK_CAPTURE_AUTORELEASING = YES;
				CLANG_WARN_BOOL_CONVERSION = YES;
				CLANG_WARN_COMMA = YES;
				CLANG_WARN_CONSTANT_CONVERSION = YES;
				CLANG_WARN_DEPRECATED_OBJC_IMPLEMENTATIONS = YES;
				CLANG_WARN_DIRECT_OBJC_ISA_USAGE = YES_ERROR;
				CLANG_WARN_DOCUMENTATION_COMMENTS = YES;
				CLANG_WARN_EMPTY_BODY = YES;
				CLANG_WARN_ENUM_CONVERSION = YES;
				CLANG_WARN_INFINITE_RECURSION = YES;
				CLANG_WARN_INT_CONVERSION = YES;
				CLANG_WARN_NON_LITERAL_NULL_CONVERSION = YES;
				CLANG_WARN_OBJC_IMPLICIT_RETAIN_SELF = YES;
				CLANG_WARN_OBJC_LITERAL_CONVERSION = YES;
				CLANG_WARN_OBJC_ROOT_CLASS = YES_ERROR;
				CLANG_WARN_QUOTED_INCLUDE_IN_FRAMEWORK_HEADER = YES;
				CLANG_WARN_RANGE_LOOP_ANALYSIS = YES;
				CLANG_WARN_STRICT_PROTOTYPES = YES;
				CLANG_WARN_SUSPICIOUS_MOVE = YES;
				CLANG_WARN_UNGUARDED_AVAILABILITY = YES_AGGRESSIVE;
				CLANG_WARN_UNREACHABLE_CODE = YES;
				CLANG_WARN__DUPLICATE_METHOD_MATCH = YES;
				COPY_PHASE_STRIP = NO;
				DEBUG_INFORMATION_FORMAT = "dwarf-with-dsym";
				ENABLE_NS_ASSERTIONS = NO;
				ENABLE_STRICT_OBJC_MSGSEND = YES;
				ENABLE_USER_SCRIPT_SANDBOXING = YES;
				GCC_C_LANGUAGE_STANDARD = gnu17;
				GCC_NO_COMMON_BLOCKS = YES;
				GCC_WARN_64_TO_32_BIT_CONVERSION = YES;
				GCC_WARN_ABOUT_RETURN_TYPE = YES_ERROR;
				GCC_WARN_UNDECLARED_SELECTOR = YES;
				GCC_WARN_UNINITIALIZED_AUTOS = YES_AGGRESSIVE;
				GCC_WARN_UNUSED_FUNCTION = YES;
				GCC_WARN_UNUSED_VARIABLE = YES;
				IPHONEOS_DEPLOYMENT_TARGET = 17.4;
				LOCALIZATION_PREFERS_STRING_CATALOGS = YES;
				MTL_ENABLE_DEBUG_INFO = NO;
				MTL_FAST_MATH = YES;
				SDKROOT = iphoneos;
				SWIFT_COMPILATION_MODE = wholemodule;
				VALIDATE_PRODUCT = YES;
			};
			name = Release;
		};
		B14418612BEE4A070088B7FB /* Debug */ = {
			isa = XCBuildConfiguration;
			buildSettings = {
				ASSETCATALOG_COMPILER_APPICON_NAME = AppIcon;
				ASSETCATALOG_COMPILER_GLOBAL_ACCENT_COLOR_NAME = AccentColor;
				CODE_SIGN_STYLE = Automatic;
				CURRENT_PROJECT_VERSION = 1;
				DEVELOPMENT_ASSET_PATHS = "\"BasicRequest/Preview Content\"";
				DEVELOPMENT_TEAM = Q4DXR3DR4Y;
				ENABLE_PREVIEWS = YES;
				GENERATE_INFOPLIST_FILE = YES;
				INFOPLIST_KEY_UIApplicationSceneManifest_Generation = YES;
				INFOPLIST_KEY_UIApplicationSupportsIndirectInputEvents = YES;
				INFOPLIST_KEY_UILaunchScreen_Generation = YES;
				INFOPLIST_KEY_UISupportedInterfaceOrientations_iPad = "UIInterfaceOrientationPortrait UIInterfaceOrientationPortraitUpsideDown UIInterfaceOrientationLandscapeLeft UIInterfaceOrientationLandscapeRight";
				INFOPLIST_KEY_UISupportedInterfaceOrientations_iPhone = "UIInterfaceOrientationPortrait UIInterfaceOrientationLandscapeLeft UIInterfaceOrientationLandscapeRight";
				LD_RUNPATH_SEARCH_PATHS = (
					"$(inherited)",
					"@executable_path/Frameworks",
				);
				MARKETING_VERSION = 1.0;
				PRODUCT_BUNDLE_IDENTIFIER = Eselidze.BasicRequest;
				PRODUCT_NAME = "$(TARGET_NAME)";
				SWIFT_EMIT_LOC_STRINGS = YES;
				SWIFT_VERSION = 5.0;
				TARGETED_DEVICE_FAMILY = "1,2";
			};
			name = Debug;
		};
		B14418622BEE4A070088B7FB /* Release */ = {
			isa = XCBuildConfiguration;
			buildSettings = {
				ASSETCATALOG_COMPILER_APPICON_NAME = AppIcon;
				ASSETCATALOG_COMPILER_GLOBAL_ACCENT_COLOR_NAME = AccentColor;
				CODE_SIGN_STYLE = Automatic;
				CURRENT_PROJECT_VERSION = 1;
				DEVELOPMENT_ASSET_PATHS = "\"BasicRequest/Preview Content\"";
				DEVELOPMENT_TEAM = Q4DXR3DR4Y;
				ENABLE_PREVIEWS = YES;
				GENERATE_INFOPLIST_FILE = YES;
				INFOPLIST_KEY_UIApplicationSceneManifest_Generation = YES;
				INFOPLIST_KEY_UIApplicationSupportsIndirectInputEvents = YES;
				INFOPLIST_KEY_UILaunchScreen_Generation = YES;
				INFOPLIST_KEY_UISupportedInterfaceOrientations_iPad = "UIInterfaceOrientationPortrait UIInterfaceOrientationPortraitUpsideDown UIInterfaceOrientationLandscapeLeft UIInterfaceOrientationLandscapeRight";
				INFOPLIST_KEY_UISupportedInterfaceOrientations_iPhone = "UIInterfaceOrientationPortrait UIInterfaceOrientationLandscapeLeft UIInterfaceOrientationLandscapeRight";
				LD_RUNPATH_SEARCH_PATHS = (
					"$(inherited)",
					"@executable_path/Frameworks",
				);
				MARKETING_VERSION = 1.0;
				PRODUCT_BUNDLE_IDENTIFIER = Eselidze.BasicRequest;
				PRODUCT_NAME = "$(TARGET_NAME)";
				SWIFT_EMIT_LOC_STRINGS = YES;
				SWIFT_VERSION = 5.0;
				TARGETED_DEVICE_FAMILY = "1,2";
			};
			name = Release;
		};
		B14418642BEE4A070088B7FB /* Debug */ = {
			isa = XCBuildConfiguration;
			buildSettings = {
				ALWAYS_EMBED_SWIFT_STANDARD_LIBRARIES = YES;
				BUNDLE_LOADER = "$(TEST_HOST)";
				CODE_SIGN_STYLE = Automatic;
				CURRENT_PROJECT_VERSION = 1;
				DEVELOPMENT_TEAM = Q4DXR3DR4Y;
				GENERATE_INFOPLIST_FILE = YES;
				IPHONEOS_DEPLOYMENT_TARGET = 17.4;
				MARKETING_VERSION = 1.0;
				PRODUCT_BUNDLE_IDENTIFIER = Eselidze.BasicRequestTests;
				PRODUCT_NAME = "$(TARGET_NAME)";
				SWIFT_EMIT_LOC_STRINGS = NO;
				SWIFT_VERSION = 5.0;
				TARGETED_DEVICE_FAMILY = "1,2";
				TEST_HOST = "$(BUILT_PRODUCTS_DIR)/BasicRequest.app/$(BUNDLE_EXECUTABLE_FOLDER_PATH)/BasicRequest";
			};
			name = Debug;
		};
		B14418652BEE4A070088B7FB /* Release */ = {
			isa = XCBuildConfiguration;
			buildSettings = {
				ALWAYS_EMBED_SWIFT_STANDARD_LIBRARIES = YES;
				BUNDLE_LOADER = "$(TEST_HOST)";
				CODE_SIGN_STYLE = Automatic;
				CURRENT_PROJECT_VERSION = 1;
				DEVELOPMENT_TEAM = Q4DXR3DR4Y;
				GENERATE_INFOPLIST_FILE = YES;
				IPHONEOS_DEPLOYMENT_TARGET = 17.4;
				MARKETING_VERSION = 1.0;
				PRODUCT_BUNDLE_IDENTIFIER = Eselidze.BasicRequestTests;
				PRODUCT_NAME = "$(TARGET_NAME)";
				SWIFT_EMIT_LOC_STRINGS = NO;
				SWIFT_VERSION = 5.0;
				TARGETED_DEVICE_FAMILY = "1,2";
				TEST_HOST = "$(BUILT_PRODUCTS_DIR)/BasicRequest.app/$(BUNDLE_EXECUTABLE_FOLDER_PATH)/BasicRequest";
			};
			name = Release;
		};
		B14418672BEE4A070088B7FB /* Debug */ = {
			isa = XCBuildConfiguration;
			buildSettings = {
				ALWAYS_EMBED_SWIFT_STANDARD_LIBRARIES = YES;
				CODE_SIGN_STYLE = Automatic;
				CURRENT_PROJECT_VERSION = 1;
				DEVELOPMENT_TEAM = Q4DXR3DR4Y;
				GENERATE_INFOPLIST_FILE = YES;
				MARKETING_VERSION = 1.0;
				PRODUCT_BUNDLE_IDENTIFIER = Eselidze.BasicRequestUITests;
				PRODUCT_NAME = "$(TARGET_NAME)";
				SWIFT_EMIT_LOC_STRINGS = NO;
				SWIFT_VERSION = 5.0;
				TARGETED_DEVICE_FAMILY = "1,2";
				TEST_TARGET_NAME = BasicRequest;
			};
			name = Debug;
		};
		B14418682BEE4A070088B7FB /* Release */ = {
			isa = XCBuildConfiguration;
			buildSettings = {
				ALWAYS_EMBED_SWIFT_STANDARD_LIBRARIES = YES;
				CODE_SIGN_STYLE = Automatic;
				CURRENT_PROJECT_VERSION = 1;
				DEVELOPMENT_TEAM = Q4DXR3DR4Y;
				GENERATE_INFOPLIST_FILE = YES;
				MARKETING_VERSION = 1.0;
				PRODUCT_BUNDLE_IDENTIFIER = Eselidze.BasicRequestUITests;
				PRODUCT_NAME = "$(TARGET_NAME)";
				SWIFT_EMIT_LOC_STRINGS = NO;
				SWIFT_VERSION = 5.0;
				TARGETED_DEVICE_FAMILY = "1,2";
				TEST_TARGET_NAME = BasicRequest;
			};
			name = Release;
		};
/* End XCBuildConfiguration section */

/* Begin XCConfigurationList section */
		B14418372BEE4A050088B7FB /* Build configuration list for PBXProject "BasicRequest" */ = {
			isa = XCConfigurationList;
			buildConfigurations = (
				B144185E2BEE4A070088B7FB /* Debug */,
				B144185F2BEE4A070088B7FB /* Release */,
			);
			defaultConfigurationIsVisible = 0;
			defaultConfigurationName = Release;
		};
		B14418602BEE4A070088B7FB /* Build configuration list for PBXNativeTarget "BasicRequest" */ = {
			isa = XCConfigurationList;
			buildConfigurations = (
				B14418612BEE4A070088B7FB /* Debug */,
				B14418622BEE4A070088B7FB /* Release */,
			);
			defaultConfigurationIsVisible = 0;
			defaultConfigurationName = Release;
		};
		B14418632BEE4A070088B7FB /* Build configuration list for PBXNativeTarget "BasicRequestTests" */ = {
			isa = XCConfigurationList;
			buildConfigurations = (
				B14418642BEE4A070088B7FB /* Debug */,
				B14418652BEE4A070088B7FB /* Release */,
			);
			defaultConfigurationIsVisible = 0;
			defaultConfigurationName = Release;
		};
		B14418662BEE4A070088B7FB /* Build configuration list for PBXNativeTarget "BasicRequestUITests" */ = {
			isa = XCConfigurationList;
			buildConfigurations = (
				B14418672BEE4A070088B7FB /* Debug */,
				B14418682BEE4A070088B7FB /* Release */,
			);
			defaultConfigurationIsVisible = 0;
			defaultConfigurationName = Release;
		};
/* End XCConfigurationList section */
	};
	rootObject = B14418342BEE4A050088B7FB /* Project object */;
}
